{
  "version": 4,
  "terraform_version": "0.12.28",
  "serial": 73,
  "lineage": "cb1aa5cf-8532-22b7-f374-83de18647f36",
  "outputs": {
    "bastion_dns": {
      "value": "ec2-34-252-141-220.eu-west-1.compute.amazonaws.com",
      "type": "string"
    }
  },
  "resources": [
    {
      "mode": "data",
      "type": "cloudinit_config",
      "name": "cloudinit",
      "provider": "provider.cloudinit",
      "instances": [
        {
          "schema_version": 0,
          "attributes": {
            "base64_encode": true,
            "gzip": true,
            "id": "3339288066",
            "part": [
              {
                "content": "#!/bin/bash\n# This script configures and enables a fresh bastion server\n\n# setup logging and begin\nset -e -u -o pipefail\nNOW=$(date +\"%FT%T\")\necho \"[$NOW]  Beginning user_data script.\"\n\nsudo su\n\n# update packages and install tools\napt-get -y update\napt-get upgrade -y\napt install -y jq awscli unzip\napt install -y python3-pip\napt install -y git\npip3 install awscli --upgrade\napt-get install -y build-essential ca-certificates openssl libssl-dev stunnel\n\n# end script\nNOW=$(date +\"%FT%T\")\necho \"[$NOW]  Finished user_data script.\"\n\n# reboot now\n",
                "content_type": "text/x-shellscript",
                "filename": "cloud_init.sh",
                "merge_type": ""
              }
            ],
            "rendered": "H4sIAAAAAAAA/4ySQWsUTxDF7w37Heo/m8BfpLNKDkJCDsYk4CFZkNUgIqFnumamtLe67apOdvz0Muu4Lq4HbzNV77368eg3kRVZ7WpIeAbrEpSSy7pY0wb9OdSxsHd5uKhu395eXy7f3129fvexMuOf/YBZKPIZvDx5MTMzY+2+aGZ+ZV+RpCikW61TdU2/RtZzaCkguzVeVE2IxT8Qk55IX/22rrJjaTHba26iJ+7O4FVNuifYcitudLGx0mMI0mRKOjO3tMYDxPl/i5p4UTvpzRxWPQn81EMTuaWuZBRw7AHZ1WH8hjaj9FA7GflBMD9iNmYOgloShNh1xN3WU2NHbAQVLIItYCMkStg6CuZueX9x9L93ivC8Or5ZHa+qZwabPkL16ehuef8Z4HK08xhWBPODd+omuJPKGCk+gpTxcknbnOSar66beIlFXQigMQYxLqntRo5hEu8mJXXZeQQ7jKOdzQ7w5Ru4J2kCQeHvlP5cp0H7yKc2Ha46UpMone5mU46107Xd9T1TXSh4iyLISi5A42yDWamlxikKxIQsEiBQLRKsx0cQLcwYxgqQ/dTNvzR7Q0zSo/9rsXPIWMeowPHp4BFbOzM/AgAA//80To9SIwMAAA=="
          }
        }
      ]
    },
    {
      "mode": "managed",
      "type": "aws_eip",
      "name": "nat_eip",
      "provider": "provider.aws",
      "instances": [
        {
          "schema_version": 0,
          "attributes": {
            "allocation_id": null,
            "associate_with_private_ip": null,
            "association_id": "",
            "customer_owned_ip": "",
            "customer_owned_ipv4_pool": "",
            "domain": "vpc",
            "id": "eipalloc-025c86ac05d9af54a",
            "instance": "",
            "network_interface": "",
            "private_dns": null,
            "private_ip": "",
            "public_dns": "ec2-54-220-109-170.eu-west-1.compute.amazonaws.com",
            "public_ip": "54.220.109.170",
            "public_ipv4_pool": "amazon",
            "tags": null,
            "timeouts": null,
            "vpc": true
          },
          "private": "eyJlMmJmYjczMC1lY2FhLTExZTYtOGY4OC0zNDM2M2JjN2M0YzAiOnsiZGVsZXRlIjoxODAwMDAwMDAwMDAsInJlYWQiOjkwMDAwMDAwMDAwMCwidXBkYXRlIjozMDAwMDAwMDAwMDB9fQ=="
        }
      ]
    },
    {
      "mode": "managed",
      "type": "aws_instance",
      "name": "bastion",
      "provider": "provider.aws",
      "instances": [
        {
          "schema_version": 1,
          "attributes": {
            "ami": "ami-0b3d64292df75b0eb",
            "arn": "arn:aws:ec2:eu-west-1:216849691610:instance/i-00f0130292b63644c",
            "associate_public_ip_address": true,
            "availability_zone": "eu-west-1a",
            "cpu_core_count": 1,
            "cpu_threads_per_core": 2,
            "credit_specification": [
              {
                "cpu_credits": "unlimited"
              }
            ],
            "disable_api_termination": false,
            "ebs_block_device": [],
            "ebs_optimized": false,
            "ephemeral_block_device": [],
            "get_password_data": false,
            "hibernation": false,
            "host_id": null,
            "iam_instance_profile": "",
            "id": "i-00f0130292b63644c",
            "instance_initiated_shutdown_behavior": null,
            "instance_state": "running",
            "instance_type": "t3.micro",
            "ipv6_address_count": 0,
            "ipv6_addresses": [],
            "key_name": "nm-slalom-lab-ireland",
            "metadata_options": [
              {
                "http_endpoint": "enabled",
                "http_put_response_hop_limit": 1,
                "http_tokens": "optional"
              }
            ],
            "monitoring": true,
            "network_interface": [],
            "outpost_arn": "",
            "password_data": "",
            "placement_group": "",
            "primary_network_interface_id": "eni-0a76846d078768d47",
            "private_dns": "ip-172-16-16-103.eu-west-1.compute.internal",
            "private_ip": "172.16.16.103",
            "public_dns": "ec2-34-252-141-220.eu-west-1.compute.amazonaws.com",
            "public_ip": "34.252.141.220",
            "root_block_device": [
              {
                "delete_on_termination": true,
                "device_name": "/dev/xvda",
                "encrypted": true,
                "iops": 100,
                "kms_key_id": "arn:aws:kms:eu-west-1:216849691610:key/4e02c36a-2b0c-4a3a-876c-ac4f9919f3f6",
                "volume_id": "vol-097589579448754d8",
                "volume_size": 8,
                "volume_type": "gp2"
              }
            ],
            "secondary_private_ips": [],
            "security_groups": [],
            "source_dest_check": true,
            "subnet_id": "subnet-0eee59cb72e50501a",
            "tags": {
              "Business Unit": "D\u0026I",
              "Cost Centre": "tbc-123",
              "Creator": "Terraform via CD pipeline",
              "Environment": "dev",
              "Major Function": "SERL",
              "Name": "bastion-dev",
              "Project": "maxbill",
              "Project Environment": "dev",
              "Service": "maxbill",
              "Service Level": "Bronze",
              "Work Order": "tbc-123"
            },
            "tenancy": "default",
            "timeouts": null,
            "user_data": "ca621d4047f0b842717d3e36c3ab75fb7ed0a907",
            "user_data_base64": null,
            "volume_tags": {},
            "vpc_security_group_ids": [
              "sg-0a282d3b6fd0db1a9"
            ]
          },
          "private": "eyJlMmJmYjczMC1lY2FhLTExZTYtOGY4OC0zNDM2M2JjN2M0YzAiOnsiY3JlYXRlIjo2MDAwMDAwMDAwMDAsImRlbGV0ZSI6MTIwMDAwMDAwMDAwMCwidXBkYXRlIjo2MDAwMDAwMDAwMDB9LCJzY2hlbWFfdmVyc2lvbiI6IjEifQ==",
          "dependencies": [
            "aws_security_group.bastion_access",
            "aws_subnet.dmz-01",
            "module.vpc.aws_vpc.scope"
          ]
        }
      ]
    },
    {
      "mode": "managed",
      "type": "aws_internet_gateway",
      "name": "gw",
      "provider": "provider.aws",
      "instances": [
        {
          "schema_version": 0,
          "attributes": {
            "arn": "arn:aws:ec2:eu-west-1:216849691610:internet-gateway/igw-01a93d8298a4a99a8",
            "id": "igw-01a93d8298a4a99a8",
            "owner_id": "216849691610",
            "tags": {
              "Business Unit": "D\u0026I",
              "Cost Centre": "tbc-123",
              "Creator": "Terraform via CD pipeline",
              "Environment": "dev",
              "Major Function": "SERL",
              "Name": "main-igw-dev",
              "Project": "maxbill",
              "Project Environment": "dev",
              "Service": "maxbill",
              "Service Level": "Bronze",
              "Work Order": "tbc-123"
            },
            "vpc_id": "vpc-00eec016cd403daee"
          },
          "private": "bnVsbA==",
          "dependencies": [
            "module.vpc.aws_vpc.scope"
          ]
        }
      ]
    },
    {
      "mode": "managed",
      "type": "aws_nat_gateway",
      "name": "core_nat",
      "provider": "provider.aws",
      "instances": [
        {
          "schema_version": 0,
          "attributes": {
            "allocation_id": "eipalloc-025c86ac05d9af54a",
            "id": "nat-0bff19f702ca62b2b",
            "network_interface_id": "eni-0267210d345e75681",
            "private_ip": "172.16.16.54",
            "public_ip": "54.220.109.170",
            "subnet_id": "subnet-0bb0e8b5e0dd3e172",
            "tags": {
              "Business Unit": "D\u0026I",
              "Cost Centre": "tbc-123",
              "Creator": "Terraform via CD pipeline",
              "Environment": "dev",
              "Major Function": "SERL",
              "Name": "nat-gw-dev",
              "Project": "maxbill",
              "Project Environment": "dev",
              "Service": "maxbill",
              "Service Level": "Bronze",
              "Work Order": "tbc-123"
            }
          },
          "private": "bnVsbA==",
          "dependencies": [
            "aws_eip.nat_eip",
            "aws_internet_gateway.gw",
            "aws_subnet.public-01",
            "module.vpc.aws_vpc.scope"
          ]
        }
      ]
    },
    {
      "mode": "managed",
      "type": "aws_route_table",
      "name": "private",
      "provider": "provider.aws",
      "instances": [
        {
          "schema_version": 0,
          "attributes": {
            "id": "rtb-05ba5b8582a10de7f",
            "owner_id": "216849691610",
            "propagating_vgws": [],
            "route": [
              {
                "cidr_block": "0.0.0.0/0",
                "egress_only_gateway_id": "",
                "gateway_id": "nat-0bff19f702ca62b2b",
                "instance_id": "",
                "ipv6_cidr_block": "",
                "local_gateway_id": "",
                "nat_gateway_id": "",
                "network_interface_id": "",
                "transit_gateway_id": "",
                "vpc_peering_connection_id": ""
              }
            ],
            "tags": {
              "Business Unit": "D\u0026I",
              "Cost Centre": "tbc-123",
              "Creator": "Terraform via CD pipeline",
              "Environment": "dev",
              "Major Function": "SERL",
              "Name": "private-dev",
              "Project": "maxbill",
              "Project Environment": "dev",
              "Service": "maxbill",
              "Service Level": "Bronze",
              "Work Order": "tbc-123"
            },
            "vpc_id": "vpc-00eec016cd403daee"
          },
          "private": "bnVsbA==",
          "dependencies": [
            "aws_eip.nat_eip",
            "aws_internet_gateway.gw",
            "aws_nat_gateway.core_nat",
            "aws_subnet.public-01",
            "module.vpc.aws_vpc.scope"
          ]
        }
      ]
    },
    {
      "mode": "managed",
      "type": "aws_route_table",
      "name": "public",
      "provider": "provider.aws",
      "instances": [
        {
          "schema_version": 0,
          "attributes": {
            "id": "rtb-0b9a544274684c242",
            "owner_id": "216849691610",
            "propagating_vgws": [],
            "route": [
              {
                "cidr_block": "0.0.0.0/0",
                "egress_only_gateway_id": "",
                "gateway_id": "igw-01a93d8298a4a99a8",
                "instance_id": "",
                "ipv6_cidr_block": "",
                "local_gateway_id": "",
                "nat_gateway_id": "",
                "network_interface_id": "",
                "transit_gateway_id": "",
                "vpc_peering_connection_id": ""
              }
            ],
            "tags": {
              "Business Unit": "D\u0026I",
              "Cost Centre": "tbc-123",
              "Creator": "Terraform via CD pipeline",
              "Environment": "dev",
              "Major Function": "SERL",
              "Name": "public-dev",
              "Project": "maxbill",
              "Project Environment": "dev",
              "Service": "maxbill",
              "Service Level": "Bronze",
              "Work Order": "tbc-123"
            },
            "vpc_id": "vpc-00eec016cd403daee"
          },
          "private": "bnVsbA==",
          "dependencies": [
            "aws_internet_gateway.gw",
            "module.vpc.aws_vpc.scope"
          ]
        }
      ]
    },
    {
      "mode": "managed",
      "type": "aws_route_table_association",
      "name": "route_dmz_a",
      "provider": "provider.aws",
      "instances": [
        {
          "schema_version": 0,
          "attributes": {
            "gateway_id": null,
            "id": "rtbassoc-0724049a426b15e16",
            "route_table_id": "rtb-0b9a544274684c242",
            "subnet_id": "subnet-0eee59cb72e50501a"
          },
          "private": "bnVsbA==",
          "dependencies": [
            "aws_internet_gateway.gw",
            "aws_route_table.public",
            "aws_subnet.dmz-01",
            "module.vpc.aws_vpc.scope"
          ]
        }
      ]
    },
    {
      "mode": "managed",
      "type": "aws_route_table_association",
      "name": "route_dmz_b",
      "provider": "provider.aws",
      "instances": [
        {
          "schema_version": 0,
          "attributes": {
            "gateway_id": null,
            "id": "rtbassoc-0c4ccdb1562132b9e",
            "route_table_id": "rtb-0b9a544274684c242",
            "subnet_id": "subnet-0ac38d24d4fe49300"
          },
          "private": "bnVsbA==",
          "dependencies": [
            "aws_internet_gateway.gw",
            "aws_route_table.public",
            "aws_subnet.dmz-02",
            "module.vpc.aws_vpc.scope"
          ]
        }
      ]
    },
    {
      "mode": "managed",
      "type": "aws_route_table_association",
      "name": "route_private_a",
      "provider": "provider.aws",
      "instances": [
        {
          "schema_version": 0,
          "attributes": {
            "gateway_id": null,
            "id": "rtbassoc-0d799caec96ccf49c",
            "route_table_id": "rtb-05ba5b8582a10de7f",
            "subnet_id": "subnet-0f41a004c46393ba1"
          },
          "private": "bnVsbA==",
          "dependencies": [
            "aws_eip.nat_eip",
            "aws_internet_gateway.gw",
            "aws_nat_gateway.core_nat",
            "aws_route_table.private",
            "aws_subnet.private-01",
            "aws_subnet.public-01",
            "module.vpc.aws_vpc.scope"
          ]
        }
      ]
    },
    {
      "mode": "managed",
      "type": "aws_route_table_association",
      "name": "route_private_b",
      "provider": "provider.aws",
      "instances": [
        {
          "schema_version": 0,
          "attributes": {
            "gateway_id": null,
            "id": "rtbassoc-0c1c26997939f3efe",
            "route_table_id": "rtb-05ba5b8582a10de7f",
            "subnet_id": "subnet-0e63ab5b16f4fa134"
          },
          "private": "bnVsbA==",
          "dependencies": [
            "aws_eip.nat_eip",
            "aws_internet_gateway.gw",
            "aws_nat_gateway.core_nat",
            "aws_route_table.private",
            "aws_subnet.private-02",
            "aws_subnet.public-01",
            "module.vpc.aws_vpc.scope"
          ]
        }
      ]
    },
    {
      "mode": "managed",
      "type": "aws_route_table_association",
      "name": "route_public_a",
      "provider": "provider.aws",
      "instances": [
        {
          "schema_version": 0,
          "attributes": {
            "gateway_id": null,
            "id": "rtbassoc-0dc5a9dc523b40ab5",
            "route_table_id": "rtb-0b9a544274684c242",
            "subnet_id": "subnet-0bb0e8b5e0dd3e172"
          },
          "private": "bnVsbA==",
          "dependencies": [
            "aws_internet_gateway.gw",
            "aws_route_table.public",
            "aws_subnet.public-01",
            "module.vpc.aws_vpc.scope"
          ]
        }
      ]
    },
    {
      "mode": "managed",
      "type": "aws_route_table_association",
      "name": "route_public_b",
      "provider": "provider.aws",
      "instances": [
        {
          "schema_version": 0,
          "attributes": {
            "gateway_id": null,
            "id": "rtbassoc-0069ebdb1abd08f32",
            "route_table_id": "rtb-0b9a544274684c242",
            "subnet_id": "subnet-094a1cf2d0effc3c1"
          },
          "private": "bnVsbA==",
          "dependencies": [
            "aws_internet_gateway.gw",
            "aws_route_table.public",
            "aws_subnet.public-02",
            "module.vpc.aws_vpc.scope"
          ]
        }
      ]
    },
    {
      "mode": "managed",
      "type": "aws_security_group",
      "name": "bastion_access",
      "provider": "provider.aws",
      "instances": [
        {
          "schema_version": 1,
          "attributes": {
            "arn": "arn:aws:ec2:eu-west-1:216849691610:security-group/sg-0a282d3b6fd0db1a9",
            "description": "Allows SSH to Bastion from known source IP",
            "egress": [
              {
                "cidr_blocks": [
                  "0.0.0.0/0"
                ],
                "description": "",
                "from_port": 0,
                "ipv6_cidr_blocks": [],
                "prefix_list_ids": [],
                "protocol": "-1",
                "security_groups": [],
                "self": false,
                "to_port": 0
              }
            ],
            "id": "sg-0a282d3b6fd0db1a9",
            "ingress": [
              {
                "cidr_blocks": [
                  "212.102.52.1/32"
                ],
                "description": "",
                "from_port": 22,
                "ipv6_cidr_blocks": [],
                "prefix_list_ids": [],
                "protocol": "tcp",
                "security_groups": [],
                "self": false,
                "to_port": 22
              }
            ],
            "name": "bastion_access",
            "name_prefix": "",
            "owner_id": "216849691610",
            "revoke_rules_on_delete": false,
            "tags": {
              "Business Unit": "D\u0026I",
              "Cost Centre": "tbc-123",
              "Creator": "Terraform via CD pipeline",
              "Environment": "dev",
              "Major Function": "SERL",
              "Name": "bastion-access-dev",
              "Project": "maxbill",
              "Project Environment": "dev",
              "Service": "maxbill",
              "Service Level": "Bronze",
              "Work Order": "tbc-123"
            },
            "timeouts": null,
            "vpc_id": "vpc-00eec016cd403daee"
          },
          "private": "eyJlMmJmYjczMC1lY2FhLTExZTYtOGY4OC0zNDM2M2JjN2M0YzAiOnsiY3JlYXRlIjo2MDAwMDAwMDAwMDAsImRlbGV0ZSI6NjAwMDAwMDAwMDAwfSwic2NoZW1hX3ZlcnNpb24iOiIxIn0=",
          "dependencies": [
            "module.vpc.aws_vpc.scope"
          ]
        }
      ]
    },
    {
      "mode": "managed",
      "type": "aws_subnet",
      "name": "dmz-01",
      "provider": "provider.aws",
      "instances": [
        {
          "schema_version": 1,
          "attributes": {
            "arn": "arn:aws:ec2:eu-west-1:216849691610:subnet/subnet-0eee59cb72e50501a",
            "assign_ipv6_address_on_creation": false,
            "availability_zone": "eu-west-1a",
            "availability_zone_id": "euw1-az3",
            "cidr_block": "172.16.16.96/28",
            "id": "subnet-0eee59cb72e50501a",
            "ipv6_cidr_block": "",
            "ipv6_cidr_block_association_id": "",
            "map_public_ip_on_launch": true,
            "outpost_arn": "",
            "owner_id": "216849691610",
            "tags": {
              "Business Unit": "D\u0026I",
              "Cost Centre": "tbc-123",
              "Creator": "Terraform via CD pipeline",
              "Environment": "dev",
              "Major Function": "SERL",
              "Name": "public-01-dev",
              "Project": "maxbill",
              "Project Environment": "dev",
              "Service": "maxbill",
              "Service Level": "Bronze",
              "Work Order": "tbc-123"
            },
            "timeouts": null,
            "vpc_id": "vpc-00eec016cd403daee"
          },
          "private": "eyJlMmJmYjczMC1lY2FhLTExZTYtOGY4OC0zNDM2M2JjN2M0YzAiOnsiY3JlYXRlIjo2MDAwMDAwMDAwMDAsImRlbGV0ZSI6MTIwMDAwMDAwMDAwMH0sInNjaGVtYV92ZXJzaW9uIjoiMSJ9",
          "dependencies": [
            "module.vpc.aws_vpc.scope"
          ]
        }
      ]
    },
    {
      "mode": "managed",
      "type": "aws_subnet",
      "name": "dmz-02",
      "provider": "provider.aws",
      "instances": [
        {
          "schema_version": 1,
          "attributes": {
            "arn": "arn:aws:ec2:eu-west-1:216849691610:subnet/subnet-0ac38d24d4fe49300",
            "assign_ipv6_address_on_creation": false,
            "availability_zone": "eu-west-1b",
            "availability_zone_id": "euw1-az1",
            "cidr_block": "172.16.16.112/28",
            "id": "subnet-0ac38d24d4fe49300",
            "ipv6_cidr_block": "",
            "ipv6_cidr_block_association_id": "",
            "map_public_ip_on_launch": true,
            "outpost_arn": "",
            "owner_id": "216849691610",
            "tags": {
              "Business Unit": "D\u0026I",
              "Cost Centre": "tbc-123",
              "Creator": "Terraform via CD pipeline",
              "Environment": "dev",
              "Major Function": "SERL",
              "Name": "public-01-dev",
              "Project": "maxbill",
              "Project Environment": "dev",
              "Service": "maxbill",
              "Service Level": "Bronze",
              "Work Order": "tbc-123"
            },
            "timeouts": null,
            "vpc_id": "vpc-00eec016cd403daee"
          },
          "private": "eyJlMmJmYjczMC1lY2FhLTExZTYtOGY4OC0zNDM2M2JjN2M0YzAiOnsiY3JlYXRlIjo2MDAwMDAwMDAwMDAsImRlbGV0ZSI6MTIwMDAwMDAwMDAwMH0sInNjaGVtYV92ZXJzaW9uIjoiMSJ9",
          "dependencies": [
            "module.vpc.aws_vpc.scope"
          ]
        }
      ]
    },
    {
      "mode": "managed",
      "type": "aws_subnet",
      "name": "private-01",
      "provider": "provider.aws",
      "instances": [
        {
          "schema_version": 1,
          "attributes": {
            "arn": "arn:aws:ec2:eu-west-1:216849691610:subnet/subnet-0f41a004c46393ba1",
            "assign_ipv6_address_on_creation": false,
            "availability_zone": "eu-west-1a",
            "availability_zone_id": "euw1-az3",
            "cidr_block": "172.16.16.0/28",
            "id": "subnet-0f41a004c46393ba1",
            "ipv6_cidr_block": "",
            "ipv6_cidr_block_association_id": "",
            "map_public_ip_on_launch": false,
            "outpost_arn": "",
            "owner_id": "216849691610",
            "tags": {
              "Business Unit": "D\u0026I",
              "Cost Centre": "tbc-123",
              "Creator": "Terraform via CD pipeline",
              "Environment": "dev",
              "Major Function": "SERL",
              "Name": "private-01-dev",
              "Project": "maxbill",
              "Project Environment": "dev",
              "Service": "maxbill",
              "Service Level": "Bronze",
              "Work Order": "tbc-123"
            },
            "timeouts": null,
            "vpc_id": "vpc-00eec016cd403daee"
          },
          "private": "eyJlMmJmYjczMC1lY2FhLTExZTYtOGY4OC0zNDM2M2JjN2M0YzAiOnsiY3JlYXRlIjo2MDAwMDAwMDAwMDAsImRlbGV0ZSI6MTIwMDAwMDAwMDAwMH0sInNjaGVtYV92ZXJzaW9uIjoiMSJ9",
          "dependencies": [
            "module.vpc.aws_vpc.scope"
          ]
        }
      ]
    },
    {
      "mode": "managed",
      "type": "aws_subnet",
      "name": "private-02",
      "provider": "provider.aws",
      "instances": [
        {
          "schema_version": 1,
          "attributes": {
            "arn": "arn:aws:ec2:eu-west-1:216849691610:subnet/subnet-0e63ab5b16f4fa134",
            "assign_ipv6_address_on_creation": false,
            "availability_zone": "eu-west-1b",
            "availability_zone_id": "euw1-az1",
            "cidr_block": "172.16.16.16/28",
            "id": "subnet-0e63ab5b16f4fa134",
            "ipv6_cidr_block": "",
            "ipv6_cidr_block_association_id": "",
            "map_public_ip_on_launch": false,
            "outpost_arn": "",
            "owner_id": "216849691610",
            "tags": {
              "Business Unit": "D\u0026I",
              "Cost Centre": "tbc-123",
              "Creator": "Terraform via CD pipeline",
              "Environment": "dev",
              "Major Function": "SERL",
              "Name": "private-02-dev",
              "Project": "maxbill",
              "Project Environment": "dev",
              "Service": "maxbill",
              "Service Level": "Bronze",
              "Work Order": "tbc-123"
            },
            "timeouts": null,
            "vpc_id": "vpc-00eec016cd403daee"
          },
          "private": "eyJlMmJmYjczMC1lY2FhLTExZTYtOGY4OC0zNDM2M2JjN2M0YzAiOnsiY3JlYXRlIjo2MDAwMDAwMDAwMDAsImRlbGV0ZSI6MTIwMDAwMDAwMDAwMH0sInNjaGVtYV92ZXJzaW9uIjoiMSJ9",
          "dependencies": [
            "module.vpc.aws_vpc.scope"
          ]
        }
      ]
    },
    {
      "mode": "managed",
      "type": "aws_subnet",
      "name": "public-01",
      "provider": "provider.aws",
      "instances": [
        {
          "schema_version": 1,
          "attributes": {
            "arn": "arn:aws:ec2:eu-west-1:216849691610:subnet/subnet-0bb0e8b5e0dd3e172",
            "assign_ipv6_address_on_creation": false,
            "availability_zone": "eu-west-1a",
            "availability_zone_id": "euw1-az3",
            "cidr_block": "172.16.16.48/28",
            "id": "subnet-0bb0e8b5e0dd3e172",
            "ipv6_cidr_block": "",
            "ipv6_cidr_block_association_id": "",
            "map_public_ip_on_launch": true,
            "outpost_arn": "",
            "owner_id": "216849691610",
            "tags": {
              "Business Unit": "D\u0026I",
              "Cost Centre": "tbc-123",
              "Creator": "Terraform via CD pipeline",
              "Environment": "dev",
              "Major Function": "SERL",
              "Name": "public-01-dev",
              "Project": "maxbill",
              "Project Environment": "dev",
              "Service": "maxbill",
              "Service Level": "Bronze",
              "Work Order": "tbc-123"
            },
            "timeouts": null,
            "vpc_id": "vpc-00eec016cd403daee"
          },
          "private": "eyJlMmJmYjczMC1lY2FhLTExZTYtOGY4OC0zNDM2M2JjN2M0YzAiOnsiY3JlYXRlIjo2MDAwMDAwMDAwMDAsImRlbGV0ZSI6MTIwMDAwMDAwMDAwMH0sInNjaGVtYV92ZXJzaW9uIjoiMSJ9",
          "dependencies": [
            "module.vpc.aws_vpc.scope"
          ]
        }
      ]
    },
    {
      "mode": "managed",
      "type": "aws_subnet",
      "name": "public-02",
      "provider": "provider.aws",
      "instances": [
        {
          "schema_version": 1,
          "attributes": {
            "arn": "arn:aws:ec2:eu-west-1:216849691610:subnet/subnet-094a1cf2d0effc3c1",
            "assign_ipv6_address_on_creation": false,
            "availability_zone": "eu-west-1b",
            "availability_zone_id": "euw1-az1",
            "cidr_block": "172.16.16.64/28",
            "id": "subnet-094a1cf2d0effc3c1",
            "ipv6_cidr_block": "",
            "ipv6_cidr_block_association_id": "",
            "map_public_ip_on_launch": true,
            "outpost_arn": "",
            "owner_id": "216849691610",
            "tags": {
              "Business Unit": "D\u0026I",
              "Cost Centre": "tbc-123",
              "Creator": "Terraform via CD pipeline",
              "Environment": "dev",
              "Major Function": "SERL",
              "Name": "public-01-dev",
              "Project": "maxbill",
              "Project Environment": "dev",
              "Service": "maxbill",
              "Service Level": "Bronze",
              "Work Order": "tbc-123"
            },
            "timeouts": null,
            "vpc_id": "vpc-00eec016cd403daee"
          },
          "private": "eyJlMmJmYjczMC1lY2FhLTExZTYtOGY4OC0zNDM2M2JjN2M0YzAiOnsiY3JlYXRlIjo2MDAwMDAwMDAwMDAsImRlbGV0ZSI6MTIwMDAwMDAwMDAwMH0sInNjaGVtYV92ZXJzaW9uIjoiMSJ9",
          "dependencies": [
            "module.vpc.aws_vpc.scope"
          ]
        }
      ]
    },
    {
      "module": "module.vpc",
      "mode": "managed",
      "type": "aws_vpc",
      "name": "scope",
      "provider": "provider.aws",
      "instances": [
        {
          "schema_version": 1,
          "attributes": {
            "arn": "arn:aws:ec2:eu-west-1:216849691610:vpc/vpc-00eec016cd403daee",
            "assign_generated_ipv6_cidr_block": false,
            "cidr_block": "172.16.16.0/24",
            "default_network_acl_id": "acl-02855daaa7eaaf47c",
            "default_route_table_id": "rtb-05143ac1e67ac92e6",
            "default_security_group_id": "sg-08430438d48d0ae44",
            "dhcp_options_id": "dopt-d24e2db6",
            "enable_classiclink": false,
            "enable_classiclink_dns_support": false,
            "enable_dns_hostnames": true,
            "enable_dns_support": true,
            "id": "vpc-00eec016cd403daee",
            "instance_tenancy": "default",
            "ipv6_association_id": "",
            "ipv6_cidr_block": "",
            "main_route_table_id": "rtb-05143ac1e67ac92e6",
            "owner_id": "216849691610",
            "tags": {
              "Business Unit": "D\u0026I",
              "Cost Centre": "tbc-123",
              "Creator": "Terraform via CD pipeline",
              "Environment": "dev",
              "Major Function": "SERL",
              "Name": "vpc-dev",
              "Project": "maxbill",
              "Project Environment": "dev",
              "Service": "maxbill",
              "Service Level": "Bronze",
              "Work Order": "tbc-123"
            }
          },
          "private": "eyJzY2hlbWFfdmVyc2lvbiI6IjEifQ=="
        }
      ]
    }
  ]
}
